
Microsoft Visual Studio Solution File, Format Version 12.00
# Visual Studio Version 16
VisualStudioVersion = 16.0.29326.143
MinimumVisualStudioVersion = 10.0.40219.1
Project("{FAE04EC0-301F-11D3-BF4B-00C04F79EFBC}") = "UserMaintenance", "UserMaintenance\UserMaintenance.csproj", "{B55FD5B8-4B48-432A-B4CD-C32E5D401234}"
EndProject
Global
	GlobalSection(SolutionConfigurationPlatforms) = preSolution
		Debug|Any CPU = Debug|Any CPU
		Release|Any CPU = Release|Any CPU
	EndGlobalSection
	GlobalSection(ProjectConfigurationPlatforms) = postSolution
		{B55FD5B8-4B48-432A-B4CD-C32E5D401234}.Debug|Any CPU.ActiveCfg = Debug|Any CPU
		{B55FD5B8-4B48-432A-B4CD-C32E5D401234}.Debug|Any CPU.Build.0 = Debug|Any CPU
		{B55FD5B8-4B48-432A-B4CD-C32E5D401234}.Release|Any CPU.ActiveCfg = Release|Any CPU
		{B55FD5B8-4B48-432A-B4CD-C32E5D401234}.Release|Any CPU.Build.0 = Release|Any CPU
	EndGlobalSection
	GlobalSection(SolutionProperties) = preSolution
		HideSolutionNode = FALSE
	EndGlobalSection
	GlobalSection(ExtensibilityGlobals) = postSolution
		SolutionGuid = {CBE182F7-A126-4683-A9E6-BD01E67C205A}
	EndGlobalSection
EndGlobal
